
Microsoft Visual Studio Solution File, Format Version 12.00
# Visual Studio 15
VisualStudioVersion = 15.0.28307.489
MinimumVisualStudioVersion = 10.0.40219.1
Project("{FAE04EC0-301F-11D3-BF4B-00C04F79EFBC}") = "8 puzzle", "8 puzzle\8 puzzle.csproj", "{486802D7-086D-44EE-BFF8-7552AA08D3AB}"
EndProject
Global
	GlobalSection(SolutionConfigurationPlatforms) = preSolution
		Debug|Any CPU = Debug|Any CPU
		Release|Any CPU = Release|Any CPU
	EndGlobalSection
	GlobalSection(ProjectConfigurationPlatforms) = postSolution
		{486802D7-086D-44EE-BFF8-7552AA08D3AB}.Debug|Any CPU.ActiveCfg = Debug|Any CPU
		{486802D7-086D-44EE-BFF8-7552AA08D3AB}.Debug|Any CPU.Build.0 = Debug|Any CPU
		{486802D7-086D-44EE-BFF8-7552AA08D3AB}.Release|Any CPU.ActiveCfg = Release|Any CPU
		{486802D7-086D-44EE-BFF8-7552AA08D3AB}.Release|Any CPU.Build.0 = Release|Any CPU
	EndGlobalSection
	GlobalSection(SolutionProperties) = preSolution
		HideSolutionNode = FALSE
	EndGlobalSection
	GlobalSection(ExtensibilityGlobals) = postSolution
		SolutionGuid = {6EE94A4A-1224-4DF8-BAE8-E893F068A131}
	EndGlobalSection
EndGlobal
